Microsoft Visual Studio Solution File, Format Version 12.00
# Visual Studio Version 17
VisualStudioVersion = 17.0.31903.59
MinimumVisualStudioVersion = 10.0.40219.1
Project("{FAE04EC0-301F-11D3-BF4B-00C04F79EFBC}") = "MineYourBusiness", "MineYourBusiness.csproj", "{EFA93A52-A8B5-48CD-9E1A-EA31F661CF9E}"
EndProject
Project("{FAE04EC0-301F-11D3-BF4B-00C04F79EFBC}") = "MineYourBusiness.Domain", "src\MineYourBusiness.Domain\MineYourBusiness.Domain.csproj", "{3D395F03-096C-482A-A826-BBA9115D5519}"
EndProject
Project("{FAE04EC0-301F-11D3-BF4B-00C04F79EFBC}") = "MineYourBusiness.Domain.Tests", "tests\MineYourBusiness.Domain.Tests\MineYourBusiness.Domain.Tests.csproj", "{CE738D16-39D5-4B5F-81DB-A4020B7649E2}"
EndProject
Project("{FAE04EC0-301F-11D3-BF4B-00C04F79EFBC}") = "MineYourBusiness.Simulator", "src\MineYourBusiness.Simulator\MineYourBusiness.Simulator.csproj", "{8CFF26C7-927B-40AC-B59C-1477D70C303A}"
EndProject
Global
	GlobalSection(SolutionConfigurationPlatforms) = preSolution
		Debug|Any CPU = Debug|Any CPU
		Release|Any CPU = Release|Any CPU
	EndGlobalSection
	GlobalSection(ProjectConfigurationPlatforms) = postSolution
		{EFA93A52-A8B5-48CD-9E1A-EA31F661CF9E}.Debug|Any CPU.ActiveCfg = Debug|Any CPU
		{EFA93A52-A8B5-48CD-9E1A-EA31F661CF9E}.Debug|Any CPU.Build.0 = Debug|Any CPU
		{EFA93A52-A8B5-48CD-9E1A-EA31F661CF9E}.Release|Any CPU.ActiveCfg = Release|Any CPU
		{EFA93A52-A8B5-48CD-9E1A-EA31F661CF9E}.Release|Any CPU.Build.0 = Release|Any CPU
		{3D395F03-096C-482A-A826-BBA9115D5519}.Debug|Any CPU.ActiveCfg = Debug|Any CPU
		{3D395F03-096C-482A-A826-BBA9115D5519}.Debug|Any CPU.Build.0 = Debug|Any CPU
		{3D395F03-096C-482A-A826-BBA9115D5519}.Release|Any CPU.ActiveCfg = Release|Any CPU
		{3D395F03-096C-482A-A826-BBA9115D5519}.Release|Any CPU.Build.0 = Release|Any CPU
		{CE738D16-39D5-4B5F-81DB-A4020B7649E2}.Debug|Any CPU.ActiveCfg = Debug|Any CPU
		{CE738D16-39D5-4B5F-81DB-A4020B7649E2}.Debug|Any CPU.Build.0 = Debug|Any CPU
		{CE738D16-39D5-4B5F-81DB-A4020B7649E2}.Release|Any CPU.ActiveCfg = Release|Any CPU
		{CE738D16-39D5-4B5F-81DB-A4020B7649E2}.Release|Any CPU.Build.0 = Release|Any CPU
		{8CFF26C7-927B-40AC-B59C-1477D70C303A}.Debug|Any CPU.ActiveCfg = Debug|Any CPU
		{8CFF26C7-927B-40AC-B59C-1477D70C303A}.Debug|Any CPU.Build.0 = Debug|Any CPU
		{8CFF26C7-927B-40AC-B59C-1477D70C303A}.Release|Any CPU.ActiveCfg = Release|Any CPU
		{8CFF26C7-927B-40AC-B59C-1477D70C303A}.Release|Any CPU.Build.0 = Release|Any CPU
	EndGlobalSection
EndGlobal
